
Microsoft Visual Studio Solution File, Format Version 12.00
# Visual Studio 15
VisualStudioVersion = 15.0.28307.1082
MinimumVisualStudioVersion = 10.0.40219.1
Project("{FAE04EC0-301F-11D3-BF4B-00C04F79EFBC}") = "Project_Algoritm_Main_2", "Project_Algoritm_Main_2\Project_Algoritm_Main_2.csproj", "{023F252D-79B5-4C96-8257-73143D748A39}"
EndProject
Global
	GlobalSection(SolutionConfigurationPlatforms) = preSolution
		Debug|Any CPU = Debug|Any CPU
		Release|Any CPU = Release|Any CPU
	EndGlobalSection
	GlobalSection(ProjectConfigurationPlatforms) = postSolution
		{023F252D-79B5-4C96-8257-73143D748A39}.Debug|Any CPU.ActiveCfg = Debug|Any CPU
		{023F252D-79B5-4C96-8257-73143D748A39}.Debug|Any CPU.Build.0 = Debug|Any CPU
		{023F252D-79B5-4C96-8257-73143D748A39}.Release|Any CPU.ActiveCfg = Release|Any CPU
		{023F252D-79B5-4C96-8257-73143D748A39}.Release|Any CPU.Build.0 = Release|Any CPU
	EndGlobalSection
	GlobalSection(SolutionProperties) = preSolution
		HideSolutionNode = FALSE
	EndGlobalSection
	GlobalSection(ExtensibilityGlobals) = postSolution
		SolutionGuid = {DEE3C658-B3C1-454F-9E10-B49D47B79645}
	EndGlobalSection
EndGlobal
